// !$*UTF8*$!
{
	archiveVersion = 1;
	classes = {
	};
	objectVersion = 56;
	objects = {

/* Begin PBXBuildFile section */
		0D5D8E802C39AB5D0034D55F /* CharacterView.swift in Sources */ = {isa = PBXBuildFile; fileRef = 0D5D8E7F2C39AB5D0034D55F /* CharacterView.swift */; };
		0D5D8E822C39BAF50034D55F /* sampleepisode.json in Resources */ = {isa = PBXBuildFile; fileRef = 0D5D8E812C39BAF50034D55F /* sampleepisode.json */; };
		0D99A7782C35AE8100651903 /* Quote.swift in Sources */ = {isa = PBXBuildFile; fileRef = 0D99A7772C35AE8100651903 /* Quote.swift */; };
		0D99A77A2C35AF6000651903 /* Character.swift in Sources */ = {isa = PBXBuildFile; fileRef = 0D99A7792C35AF6000651903 /* Character.swift */; };
		0D99A77D2C35B0B500651903 /* Death.swift in Sources */ = {isa = PBXBuildFile; fileRef = 0D99A77C2C35B0B500651903 /* Death.swift */; };
		0DA1B8152C370A3D00387123 /* FetchService.swift in Sources */ = {isa = PBXBuildFile; fileRef = 0DA1B8142C370A3D00387123 /* FetchService.swift */; };
		0DA1B8172C370DE200387123 /* ViewModel.swift in Sources */ = {isa = PBXBuildFile; fileRef = 0DA1B8162C370DE200387123 /* ViewModel.swift */; };
		0DA1B8192C37163000387123 /* QuoteView.swift in Sources */ = {isa = PBXBuildFile; fileRef = 0DA1B8182C37163000387123 /* QuoteView.swift */; };
		0DAC80302C3AD2C100E06D8F /* StringExt.swift in Sources */ = {isa = PBXBuildFile; fileRef = 0DAC802F2C3AD2C100E06D8F /* StringExt.swift */; };
		0DAC80332C3AD58D00E06D8F /* Constants.swift in Sources */ = {isa = PBXBuildFile; fileRef = 0DAC80322C3AD58D00E06D8F /* Constants.swift */; };
		0DC749912C3580A000D3B586 /* BBQuotes_SwiftUI_iOS17App.swift in Sources */ = {isa = PBXBuildFile; fileRef = 0DC749902C3580A000D3B586 /* BBQuotes_SwiftUI_iOS17App.swift */; };
		0DC749932C3580A000D3B586 /* ContentView.swift in Sources */ = {isa = PBXBuildFile; fileRef = 0DC749922C3580A000D3B586 /* ContentView.swift */; };
		0DC749952C3580A100D3B586 /* Assets.xcassets in Resources */ = {isa = PBXBuildFile; fileRef = 0DC749942C3580A100D3B586 /* Assets.xcassets */; };
		0DC749982C3580A100D3B586 /* Preview Assets.xcassets in Resources */ = {isa = PBXBuildFile; fileRef = 0DC749972C3580A100D3B586 /* Preview Assets.xcassets */; };
		0DC749A22C3581CD00D3B586 /* sampledeath.json in Resources */ = {isa = PBXBuildFile; fileRef = 0DC7499F2C3581CD00D3B586 /* sampledeath.json */; };
		0DC749A32C3581CD00D3B586 /* samplecharacter.json in Resources */ = {isa = PBXBuildFile; fileRef = 0DC749A02C3581CD00D3B586 /* samplecharacter.json */; };
		0DC749A42C3581CD00D3B586 /* samplequote.json in Resources */ = {isa = PBXBuildFile; fileRef = 0DC749A12C3581CD00D3B586 /* samplequote.json */; };
/* End PBXBuildFile section */

/* Begin PBXFileReference section */
		0D5D8E7F2C39AB5D0034D55F /* CharacterView.swift */ = {isa = PBXFileReference; lastKnownFileType = sourcecode.swift; path = CharacterView.swift; sourceTree = "<group>"; };
		0D5D8E812C39BAF50034D55F /* sampleepisode.json */ = {isa = PBXFileReference; fileEncoding = 4; lastKnownFileType = text.json; path = sampleepisode.json; sourceTree = "<group>"; };
		0D99A7772C35AE8100651903 /* Quote.swift */ = {isa = PBXFileReference; lastKnownFileType = sourcecode.swift; path = Quote.swift; sourceTree = "<group>"; };
		0D99A7792C35AF6000651903 /* Character.swift */ = {isa = PBXFileReference; lastKnownFileType = sourcecode.swift; path = Character.swift; sourceTree = "<group>"; };
		0D99A77C2C35B0B500651903 /* Death.swift */ = {isa = PBXFileReference; lastKnownFileType = sourcecode.swift; path = Death.swift; sourceTree = "<group>"; };
		0DA1B8142C370A3D00387123 /* FetchService.swift */ = {isa = PBXFileReference; lastKnownFileType = sourcecode.swift; path = FetchService.swift; sourceTree = "<group>"; };
		0DA1B8162C370DE200387123 /* ViewModel.swift */ = {isa = PBXFileReference; lastKnownFileType = sourcecode.swift; path = ViewModel.swift; sourceTree = "<group>"; };
		0DA1B8182C37163000387123 /* QuoteView.swift */ = {isa = PBXFileReference; lastKnownFileType = sourcecode.swift; path = QuoteView.swift; sourceTree = "<group>"; };
		0DAC802F2C3AD2C100E06D8F /* StringExt.swift */ = {isa = PBXFileReference; lastKnownFileType = sourcecode.swift; path = StringExt.swift; sourceTree = "<group>"; };
		0DAC80322C3AD58D00E06D8F /* Constants.swift */ = {isa = PBXFileReference; lastKnownFileType = sourcecode.swift; path = Constants.swift; sourceTree = "<group>"; };
		0DC7498D2C3580A000D3B586 /* BBQuotes-SwiftUI-iOS17.app */ = {isa = PBXFileReference; explicitFileType = wrapper.application; includeInIndex = 0; path = "BBQuotes-SwiftUI-iOS17.app"; sourceTree = BUILT_PRODUCTS_DIR; };
		0DC749902C3580A000D3B586 /* BBQuotes_SwiftUI_iOS17App.swift */ = {isa = PBXFileReference; lastKnownFileType = sourcecode.swift; path = BBQuotes_SwiftUI_iOS17App.swift; sourceTree = "<group>"; };
		0DC749922C3580A000D3B586 /* ContentView.swift */ = {isa = PBXFileReference; lastKnownFileType = sourcecode.swift; path = ContentView.swift; sourceTree = "<group>"; };
		0DC749942C3580A100D3B586 /* Assets.xcassets */ = {isa = PBXFileReference; lastKnownFileType = folder.assetcatalog; path = Assets.xcassets; sourceTree = "<group>"; };
		0DC749972C3580A100D3B586 /* Preview Assets.xcassets */ = {isa = PBXFileReference; lastKnownFileType = folder.assetcatalog; path = "Preview Assets.xcassets"; sourceTree = "<group>"; };
		0DC7499F2C3581CD00D3B586 /* sampledeath.json */ = {isa = PBXFileReference; fileEncoding = 4; lastKnownFileType = text.json; path = sampledeath.json; sourceTree = "<group>"; };
		0DC749A02C3581CD00D3B586 /* samplecharacter.json */ = {isa = PBXFileReference; fileEncoding = 4; lastKnownFileType = text.json; path = samplecharacter.json; sourceTree = "<group>"; };
		0DC749A12C3581CD00D3B586 /* samplequote.json */ = {isa = PBXFileReference; fileEncoding = 4; lastKnownFileType = text.json; path = samplequote.json; sourceTree = "<group>"; };
/* End PBXFileReference section */

/* Begin PBXFrameworksBuildPhase section */
		0DC7498A2C3580A000D3B586 /* Frameworks */ = {
			isa = PBXFrameworksBuildPhase;
			buildActionMask = 2147483647;
			files = (
			);
			runOnlyForDeploymentPostprocessing = 0;
		};
/* End PBXFrameworksBuildPhase section */

/* Begin PBXGroup section */
		0D99A77B2C35AF6600651903 /* Model */ = {
			isa = PBXGroup;
			children = (
				0D99A7772C35AE8100651903 /* Quote.swift */,
				0D99A7792C35AF6000651903 /* Character.swift */,
				0D99A77C2C35B0B500651903 /* Death.swift */,
			);
			path = Model;
			sourceTree = "<group>";
		};
		0DAC80312C3AD32900E06D8F /* Extensions */ = {
			isa = PBXGroup;
			children = (
				0DAC802F2C3AD2C100E06D8F /* StringExt.swift */,
			);
			path = Extensions;
			sourceTree = "<group>";
		};
		0DC749842C3580A000D3B586 = {
			isa = PBXGroup;
			children = (
				0DC7498F2C3580A000D3B586 /* BBQuotes-SwiftUI-iOS17 */,
				0DC7498E2C3580A000D3B586 /* Products */,
			);
			sourceTree = "<group>";
		};
		0DC7498E2C3580A000D3B586 /* Products */ = {
			isa = PBXGroup;
			children = (
				0DC7498D2C3580A000D3B586 /* BBQuotes-SwiftUI-iOS17.app */,
			);
			name = Products;
			sourceTree = "<group>";
		};
		0DC7498F2C3580A000D3B586 /* BBQuotes-SwiftUI-iOS17 */ = {
			isa = PBXGroup;
			children = (
				0DC749902C3580A000D3B586 /* BBQuotes_SwiftUI_iOS17App.swift */,
				0DC749922C3580A000D3B586 /* ContentView.swift */,
				0DA1B8162C370DE200387123 /* ViewModel.swift */,
				0DA1B8182C37163000387123 /* QuoteView.swift */,
				0D5D8E7F2C39AB5D0034D55F /* CharacterView.swift */,
				0DA1B8142C370A3D00387123 /* FetchService.swift */,
				0DAC80322C3AD58D00E06D8F /* Constants.swift */,
				0DAC80312C3AD32900E06D8F /* Extensions */,
				0D99A77B2C35AF6600651903 /* Model */,
				0DC749942C3580A100D3B586 /* Assets.xcassets */,
				0DC7499E2C3581A400D3B586 /* SampleData */,
				0DC749962C3580A100D3B586 /* Preview Content */,
			);
			path = "BBQuotes-SwiftUI-iOS17";
			sourceTree = "<group>";
		};
		0DC749962C3580A100D3B586 /* Preview Content */ = {
			isa = PBXGroup;
			children = (
				0DC749972C3580A100D3B586 /* Preview Assets.xcassets */,
			);
			path = "Preview Content";
			sourceTree = "<group>";
		};
		0DC7499E2C3581A400D3B586 /* SampleData */ = {
			isa = PBXGroup;
			children = (
				0D5D8E812C39BAF50034D55F /* sampleepisode.json */,
				0DC749A02C3581CD00D3B586 /* samplecharacter.json */,
				0DC7499F2C3581CD00D3B586 /* sampledeath.json */,
				0DC749A12C3581CD00D3B586 /* samplequote.json */,
			);
			path = SampleData;
			sourceTree = "<group>";
		};
/* End PBXGroup section */

/* Begin PBXNativeTarget section */
		0DC7498C2C3580A000D3B586 /* BBQuotes-SwiftUI-iOS17 */ = {
			isa = PBXNativeTarget;
			buildConfigurationList = 0DC7499B2C3580A100D3B586 /* Build configuration list for PBXNativeTarget "BBQuotes-SwiftUI-iOS17" */;
			buildPhases = (
				0DC749892C3580A000D3B586 /* Sources */,
				0DC7498A2C3580A000D3B586 /* Frameworks */,
				0DC7498B2C3580A000D3B586 /* Resources */,
			);
			buildRules = (
			);
			dependencies = (
			);
			name = "BBQuotes-SwiftUI-iOS17";
			productName = "BBQuotes-SwiftUI-iOS17";
			productReference = 0DC7498D2C3580A000D3B586 /* BBQuotes-SwiftUI-iOS17.app */;
			productType = "com.apple.product-type.application";
		};
/* End PBXNativeTarget section */

/* Begin PBXProject section */
		0DC749852C3580A000D3B586 /* Project object */ = {
			isa = PBXProject;
			attributes = {
				BuildIndependentTargetsInParallel = 1;
				LastSwiftUpdateCheck = 1540;
				LastUpgradeCheck = 1540;
				TargetAttributes = {
					0DC7498C2C3580A000D3B586 = {
						CreatedOnToolsVersion = 15.4;
					};
				};
			};
			buildConfigurationList = 0DC749882C3580A000D3B586 /* Build configuration list for PBXProject "BBQuotes-SwiftUI-iOS17" */;
			compatibilityVersion = "Xcode 14.0";
			developmentRegion = en;
			hasScannedForEncodings = 0;
			knownRegions = (
				en,
				Base,
			);
			mainGroup = 0DC749842C3580A000D3B586;
			productRefGroup = 0DC7498E2C3580A000D3B586 /* Products */;
			projectDirPath = "";
			projectRoot = "";
			targets = (
				0DC7498C2C3580A000D3B586 /* BBQuotes-SwiftUI-iOS17 */,
			);
		};
/* End PBXProject section */

/* Begin PBXResourcesBuildPhase section */
		0DC7498B2C3580A000D3B586 /* Resources */ = {
			isa = PBXResourcesBuildPhase;
			buildActionMask = 2147483647;
			files = (
				0DC749982C3580A100D3B586 /* Preview Assets.xcassets in Resources */,
				0D5D8E822C39BAF50034D55F /* sampleepisode.json in Resources */,
				0DC749A22C3581CD00D3B586 /* sampledeath.json in Resources */,
				0DC749952C3580A100D3B586 /* Assets.xcassets in Resources */,
				0DC749A42C3581CD00D3B586 /* samplequote.json in Resources */,
				0DC749A32C3581CD00D3B586 /* samplecharacter.json in Resources */,
			);
			runOnlyForDeploymentPostprocessing = 0;
		};
/* End PBXResourcesBuildPhase section */

/* Begin PBXSourcesBuildPhase section */
		0DC749892C3580A000D3B586 /* Sources */ = {
			isa = PBXSourcesBuildPhase;
			buildActionMask = 2147483647;
			files = (
				0D99A77D2C35B0B500651903 /* Death.swift in Sources */,
				0DAC80332C3AD58D00E06D8F /* Constants.swift in Sources */,
				0DC749932C3580A000D3B586 /* ContentView.swift in Sources */,
				0D99A7782C35AE8100651903 /* Quote.swift in Sources */,
				0DA1B8192C37163000387123 /* QuoteView.swift in Sources */,
				0DAC80302C3AD2C100E06D8F /* StringExt.swift in Sources */,
				0DC749912C3580A000D3B586 /* BBQuotes_SwiftUI_iOS17App.swift in Sources */,
				0DA1B8152C370A3D00387123 /* FetchService.swift in Sources */,
				0D5D8E802C39AB5D0034D55F /* CharacterView.swift in Sources */,
				0D99A77A2C35AF6000651903 /* Character.swift in Sources */,
				0DA1B8172C370DE200387123 /* ViewModel.swift in Sources */,
			);
			runOnlyForDeploymentPostprocessing = 0;
		};
/* End PBXSourcesBuildPhase section */

/* Begin XCBuildConfiguration section */
		0DC749992C3580A100D3B586 /* Debug */ = {
			isa = XCBuildConfiguration;
			buildSettings = {
				ALWAYS_SEARCH_USER_PATHS = NO;
				ASSETCATALOG_COMPILER_GENERATE_SWIFT_ASSET_SYMBOL_EXTENSIONS = YES;
				CLANG_ANALYZER_NONNULL = YES;
				CLANG_ANALYZER_NUMBER_OBJECT_CONVERSION = YES_AGGRESSIVE;
				CLANG_CXX_LANGUAGE_STANDARD = "gnu++20";
				CLANG_ENABLE_MODULES = YES;
				CLANG_ENABLE_OBJC_ARC = YES;
				CLANG_ENABLE_OBJC_WEAK = YES;
				CLANG_WARN_BLOCK_CAPTURE_AUTORELEASING = YES;
				CLANG_WARN_BOOL_CONVERSION = YES;
				CLANG_WARN_COMMA = YES;
				CLANG_WARN_CONSTANT_CONVERSION = YES;
				CLANG_WARN_DEPRECATED_OBJC_IMPLEMENTATIONS = YES;
				CLANG_WARN_DIRECT_OBJC_ISA_USAGE = YES_ERROR;
				CLANG_WARN_DOCUMENTATION_COMMENTS = YES;
				CLANG_WARN_EMPTY_BODY = YES;
				CLANG_WARN_ENUM_CONVERSION = YES;
				CLANG_WARN_INFINITE_RECURSION = YES;
				CLANG_WARN_INT_CONVERSION = YES;
				CLANG_WARN_NON_LITERAL_NULL_CONVERSION = YES;
				CLANG_WARN_OBJC_IMPLICIT_RETAIN_SELF = YES;
				CLANG_WARN_OBJC_LITERAL_CONVERSION = YES;
				CLANG_WARN_OBJC_ROOT_CLASS = YES_ERROR;
				CLANG_WARN_QUOTED_INCLUDE_IN_FRAMEWORK_HEADER = YES;
				CLANG_WARN_RANGE_LOOP_ANALYSIS = YES;
				CLANG_WARN_STRICT_PROTOTYPES = YES;
				CLANG_WARN_SUSPICIOUS_MOVE = YES;
				CLANG_WARN_UNGUARDED_AVAILABILITY = YES_AGGRESSIVE;
				CLANG_WARN_UNREACHABLE_CODE = YES;
				CLANG_WARN__DUPLICATE_METHOD_MATCH = YES;
				COPY_PHASE_STRIP = NO;
				DEBUG_INFORMATION_FORMAT = dwarf;
				ENABLE_STRICT_OBJC_MSGSEND = YES;
				ENABLE_TESTABILITY = YES;
				ENABLE_USER_SCRIPT_SANDBOXING = YES;
				GCC_C_LANGUAGE_STANDARD = gnu17;
				GCC_DYNAMIC_NO_PIC = NO;
				GCC_NO_COMMON_BLOCKS = YES;
				GCC_OPTIMIZATION_LEVEL = 0;
				GCC_PREPROCESSOR_DEFINITIONS = (
					"DEBUG=1",
					"$(inherited)",
				);
				GCC_WARN_64_TO_32_BIT_CONVERSION = YES;
				GCC_WARN_ABOUT_RETURN_TYPE = YES_ERROR;
				GCC_WARN_UNDECLARED_SELECTOR = YES;
				GCC_WARN_UNINITIALIZED_AUTOS = YES_AGGRESSIVE;
				GCC_WARN_UNUSED_FUNCTION = YES;
				GCC_WARN_UNUSED_VARIABLE = YES;
				IPHONEOS_DEPLOYMENT_TARGET = 17.5;
				LOCALIZATION_PREFERS_STRING_CATALOGS = YES;
				MTL_ENABLE_DEBUG_INFO = INCLUDE_SOURCE;
				MTL_FAST_MATH = YES;
				ONLY_ACTIVE_ARCH = YES;
				SDKROOT = iphoneos;
				SWIFT_ACTIVE_COMPILATION_CONDITIONS = "DEBUG $(inherited)";
				SWIFT_OPTIMIZATION_LEVEL = "-Onone";
			};
			name = Debug;
		};
		0DC7499A2C3580A100D3B586 /* Release */ = {
			isa = XCBuildConfiguration;
			buildSettings = {
				ALWAYS_SEARCH_USER_PATHS = NO;
				ASSETCATALOG_COMPILER_GENERATE_SWIFT_ASSET_SYMBOL_EXTENSIONS = YES;
				CLANG_ANALYZER_NONNULL = YES;
				CLANG_ANALYZER_NUMBER_OBJECT_CONVERSION = YES_AGGRESSIVE;
				CLANG_CXX_LANGUAGE_STANDARD = "gnu++20";
				CLANG_ENABLE_MODULES = YES;
				CLANG_ENABLE_OBJC_ARC = YES;
				CLANG_ENABLE_OBJC_WEAK = YES;
				CLANG_WARN_BLOCK_CAPTURE_AUTORELEASING = YES;
				CLANG_WARN_BOOL_CONVERSION = YES;
				CLANG_WARN_COMMA = YES;
				CLANG_WARN_CONSTANT_CONVERSION = YES;
				CLANG_WARN_DEPRECATED_OBJC_IMPLEMENTATIONS = YES;
				CLANG_WARN_DIRECT_OBJC_ISA_USAGE = YES_ERROR;
				CLANG_WARN_DOCUMENTATION_COMMENTS = YES;
				CLANG_WARN_EMPTY_BODY = YES;
				CLANG_WARN_ENUM_CONVERSION = YES;
				CLANG_WARN_INFINITE_RECURSION = YES;
				CLANG_WARN_INT_CONVERSION = YES;
				CLANG_WARN_NON_LITERAL_NULL_CONVERSION = YES;
				CLANG_WARN_OBJC_IMPLICIT_RETAIN_SELF = YES;
				CLANG_WARN_OBJC_LITERAL_CONVERSION = YES;
				CLANG_WARN_OBJC_ROOT_CLASS = YES_ERROR;
				CLANG_WARN_QUOTED_INCLUDE_IN_FRAMEWORK_HEADER = YES;
				CLANG_WARN_RANGE_LOOP_ANALYSIS = YES;
				CLANG_WARN_STRICT_PROTOTYPES = YES;
				CLANG_WARN_SUSPICIOUS_MOVE = YES;
				CLANG_WARN_UNGUARDED_AVAILABILITY = YES_AGGRESSIVE;
				CLANG_WARN_UNREACHABLE_CODE = YES;
				CLANG_WARN__DUPLICATE_METHOD_MATCH = YES;
				COPY_PHASE_STRIP = NO;
				DEBUG_INFORMATION_FORMAT = "dwarf-with-dsym";
				ENABLE_NS_ASSERTIONS = NO;
				ENABLE_STRICT_OBJC_MSGSEND = YES;
				ENABLE_USER_SCRIPT_SANDBOXING = YES;
				GCC_C_LANGUAGE_STANDARD = gnu17;
				GCC_NO_COMMON_BLOCKS = YES;
				GCC_WARN_64_TO_32_BIT_CONVERSION = YES;
				GCC_WARN_ABOUT_RETURN_TYPE = YES_ERROR;
				GCC_WARN_UNDECLARED_SELECTOR = YES;
				GCC_WARN_UNINITIALIZED_AUTOS = YES_AGGRESSIVE;
				GCC_WARN_UNUSED_FUNCTION = YES;
				GCC_WARN_UNUSED_VARIABLE = YES;
				IPHONEOS_DEPLOYMENT_TARGET = 17.5;
				LOCALIZATION_PREFERS_STRING_CATALOGS = YES;
				MTL_ENABLE_DEBUG_INFO = NO;
				MTL_FAST_MATH = YES;
				SDKROOT = iphoneos;
				SWIFT_COMPILATION_MODE = wholemodule;
				VALIDATE_PRODUCT = YES;
			};
			name = Release;
		};
		0DC7499C2C3580A100D3B586 /* Debug */ = {
			isa = XCBuildConfiguration;
			buildSettings = {
				ASSETCATALOG_COMPILER_APPICON_NAME = AppIcon;
				ASSETCATALOG_COMPILER_GLOBAL_ACCENT_COLOR_NAME = AccentColor;
				CODE_SIGN_STYLE = Automatic;
				CURRENT_PROJECT_VERSION = 1;
				DEVELOPMENT_ASSET_PATHS = "\"BBQuotes-SwiftUI-iOS17/Preview Content\"";
				DEVELOPMENT_TEAM = 7U8FFMZ9W5;
				ENABLE_PREVIEWS = YES;
				GENERATE_INFOPLIST_FILE = YES;
				INFOPLIST_KEY_UIApplicationSceneManifest_Generation = YES;
				INFOPLIST_KEY_UIApplicationSupportsIndirectInputEvents = YES;
				INFOPLIST_KEY_UILaunchScreen_Generation = YES;
				INFOPLIST_KEY_UISupportedInterfaceOrientations_iPad = "UIInterfaceOrientationPortrait UIInterfaceOrientationPortraitUpsideDown UIInterfaceOrientationLandscapeLeft UIInterfaceOrientationLandscapeRight";
				INFOPLIST_KEY_UISupportedInterfaceOrientations_iPhone = "UIInterfaceOrientationPortrait UIInterfaceOrientationLandscapeLeft UIInterfaceOrientationLandscapeRight";
				LD_RUNPATH_SEARCH_PATHS = (
					"$(inherited)",
					"@executable_path/Frameworks",
				);
				MARKETING_VERSION = 1.0;
				PRODUCT_BUNDLE_IDENTIFIER = "com.mayurvaity.BBQuotes-SwiftUI-iOS17";
				PRODUCT_NAME = "$(TARGET_NAME)";
				SWIFT_EMIT_LOC_STRINGS = YES;
				SWIFT_VERSION = 5.0;
				TARGETED_DEVICE_FAMILY = "1,2";
			};
			name = Debug;
		};
		0DC7499D2C3580A100D3B586 /* Release */ = {
			isa = XCBuildConfiguration;
			buildSettings = {
				ASSETCATALOG_COMPILER_APPICON_NAME = AppIcon;
				ASSETCATALOG_COMPILER_GLOBAL_ACCENT_COLOR_NAME = AccentColor;
				CODE_SIGN_STYLE = Automatic;
				CURRENT_PROJECT_VERSION = 1;
				DEVELOPMENT_ASSET_PATHS = "\"BBQuotes-SwiftUI-iOS17/Preview Content\"";
				DEVELOPMENT_TEAM = 7U8FFMZ9W5;
				ENABLE_PREVIEWS = YES;
				GENERATE_INFOPLIST_FILE = YES;
				INFOPLIST_KEY_UIApplicationSceneManifest_Generation = YES;
				INFOPLIST_KEY_UIApplicationSupportsIndirectInputEvents = YES;
				INFOPLIST_KEY_UILaunchScreen_Generation = YES;
				INFOPLIST_KEY_UISupportedInterfaceOrientations_iPad = "UIInterfaceOrientationPortrait UIInterfaceOrientationPortraitUpsideDown UIInterfaceOrientationLandscapeLeft UIInterfaceOrientationLandscapeRight";
				INFOPLIST_KEY_UISupportedInterfaceOrientations_iPhone = "UIInterfaceOrientationPortrait UIInterfaceOrientationLandscapeLeft UIInterfaceOrientationLandscapeRight";
				LD_RUNPATH_SEARCH_PATHS = (
					"$(inherited)",
					"@executable_path/Frameworks",
				);
				MARKETING_VERSION = 1.0;
				PRODUCT_BUNDLE_IDENTIFIER = "com.mayurvaity.BBQuotes-SwiftUI-iOS17";
				PRODUCT_NAME = "$(TARGET_NAME)";
				SWIFT_EMIT_LOC_STRINGS = YES;
				SWIFT_VERSION = 5.0;
				TARGETED_DEVICE_FAMILY = "1,2";
			};
			name = Release;
		};
/* End XCBuildConfiguration section */

/* Begin XCConfigurationList section */
		0DC749882C3580A000D3B586 /* Build configuration list for PBXProject "BBQuotes-SwiftUI-iOS17" */ = {
			isa = XCConfigurationList;
			buildConfigurations = (
				0DC749992C3580A100D3B586 /* Debug */,
				0DC7499A2C3580A100D3B586 /* Release */,
			);
			defaultConfigurationIsVisible = 0;
			defaultConfigurationName = Release;
		};
		0DC7499B2C3580A100D3B586 /* Build configuration list for PBXNativeTarget "BBQuotes-SwiftUI-iOS17" */ = {
			isa = XCConfigurationList;
			buildConfigurations = (
				0DC7499C2C3580A100D3B586 /* Debug */,
				0DC7499D2C3580A100D3B586 /* Release */,
			);
			defaultConfigurationIsVisible = 0;
			defaultConfigurationName = Release;
		};
/* End XCConfigurationList section */
	};
	rootObject = 0DC749852C3580A000D3B586 /* Project object */;
}
